{
  "name": "pobparser",
  "version": "1.0.0",
  "lockfileVersion": 1,
  "requires": true,
  "dependencies": {
    "@types/google-apps-script": {
      "version": "1.0.17",
      "resolved": "https://registry.npmjs.org/@types/google-apps-script/-/google-apps-script-1.0.17.tgz",
      "integrity": "sha512-Twru4eQ0tiwp5faFzRrMeVfYZFjv7AJK7OPQJOfc/2vH0dj+RDlUWUUWvInfgm9AuGR/hGJaY/17A0lkIge94A=="
    },
    "cloudflare-worker-rest-api": {
      "version": "1.0.0",
      "resolved": "https://registry.npmjs.org/cloudflare-worker-rest-api/-/cloudflare-worker-rest-api-1.0.0.tgz",
      "integrity": "sha512-gLodNj4aQN0ftz+ezB69oDEGqbfOIpN0xP2/dBmZze3OtLAItTN8GF/IdMXLOzmMWuCr2s4dPiKiyUt+JmXVBg=="
    },
    "pako": {
      "version": "1.0.11",
      "resolved": "https://registry.npmjs.org/pako/-/pako-1.0.11.tgz",
      "integrity": "sha512-4hLB8Py4zZce5s4yd9XzopqwVv/yGNhV1Bl8NTmCq1763HeK2+EwVTv+leGeL13Dnh2wfbqowVPXCIO0z4taYw=="
    },
    "prettier": {
      "version": "1.19.1",
      "resolved": "https://registry.npmjs.org/prettier/-/prettier-1.19.1.tgz",
      "integrity": "sha512-s7PoyDv/II1ObgQunCbB9PdLmUcBZcnWOcxDh7O0N/UwDEsHyqkW+Qh28jW+mVuCdx7gLB0BotYI1Y6uI9iyew==",
      "dev": true
    }
  }
}
